{
  "requires": true,
  "lockfileVersion": 1,
  "dependencies": {
    "@fullcalendar/common": {
      "version": "5.10.1",
      "resolved": "https://registry.npmjs.org/@fullcalendar/common/-/common-5.10.1.tgz",
      "integrity": "sha512-EumKIJcQTvQdTs75/9dmeREFgjcRVWzqHJS1Xvlz5mNsmB+w9EINCHETRjChtAQg1WD/lTQyVj4sHsKO7vCMSw==",
      "requires": {
        "tslib": "^2.1.0"
      }
    },
    "@fullcalendar/daygrid": {
      "version": "5.10.1",
      "resolved": "https://registry.npmjs.org/@fullcalendar/daygrid/-/daygrid-5.10.1.tgz",
      "integrity": "sha512-sfUMP+rew0krsBffgNcWWKhBCiyytGfRKZJoc64E8ohX7VWjPcPZuB1xgO5U4wPLmNkT0rZiHoGeQGTXw1+ZKg==",
      "requires": {
        "@fullcalendar/common": "~5.10.1",
        "tslib": "^2.1.0"
      }
    },
    "@fullcalendar/react": {
      "version": "5.10.1",
      "resolved": "https://registry.npmjs.org/@fullcalendar/react/-/react-5.10.1.tgz",
      "integrity": "sha512-+kV5+o9qGjkoO5j0r3oawhig+hP3inE68bHKBl6dtGQ8mi3GkEGsTL12MY2n5N0hXon6+2psIQLnAjMyRYZbmg==",
      "requires": {
        "@fullcalendar/common": "~5.10.1",
        "tslib": "^2.1.0"
      }
    },
    "tslib": {
      "version": "2.3.1",
      "resolved": "https://registry.npmjs.org/tslib/-/tslib-2.3.1.tgz",
      "integrity": "sha512-77EbyPPpMz+FRFRuAFlWMtmgUWGe9UOG2Z25NqCwiIjRhOf5iKGuzSe5P2w1laq+FkRy4p+PCuVkJSGkzTEKVw=="
    }
  }
}
